
Microsoft Visual Studio Solution File, Format Version 12.00
# Visual Studio Version 16
VisualStudioVersion = 16.0.30621.155
MinimumVisualStudioVersion = 10.0.40219.1
Project("{8BC9CEB8-8B4A-11D0-8D11-00A0C91BC942}") = "C++Fundamentals", "C++Fundamentals\C++Fundamentals.vcxproj", "{4B10F953-B747-4FF2-A10A-D3080EEFAD4D}"
EndProject
Project("{8BC9CEB8-8B4A-11D0-8D11-00A0C91BC942}") = "move assign operator", "move assign operator\move assign operator.vcxproj", "{9958CFA9-68AC-4BB2-BD0A-FBCA0366336C}"
EndProject
Project("{8BC9CEB8-8B4A-11D0-8D11-00A0C91BC942}") = "Variadic Templates", "Variadic Templates\Variadic Templates.vcxproj", "{7B41CA9E-44F7-46DA-8859-9EFD727021B9}"
EndProject
Project("{8BC9CEB8-8B4A-11D0-8D11-00A0C91BC942}") = "user defined literals", "user defined literals\user defined literals.vcxproj", "{53095004-B323-4331-9F42-509A36C77321}"
EndProject
Project("{8BC9CEB8-8B4A-11D0-8D11-00A0C91BC942}") = "stdFuture", "stdFuture\stdFuture.vcxproj", "{59A4D576-5BA2-4D29-86FE-DBF8A31F0215}"
EndProject
Project("{8BC9CEB8-8B4A-11D0-8D11-00A0C91BC942}") = "Virtual Class", "Virtual Class\Virtual Class.vcxproj", "{B9D473D1-3BC3-4B59-AB53-6CE7492E75EB}"
EndProject
Project("{8BC9CEB8-8B4A-11D0-8D11-00A0C91BC942}") = "Practise", "Practise\Practise.vcxproj", "{8E732E86-1DCC-4BAB-A831-69D55B42B23A}"
EndProject
Project("{8BC9CEB8-8B4A-11D0-8D11-00A0C91BC942}") = "File System", "File System\File System.vcxproj", "{65358133-5D13-412D-98A8-ECBD90F46FCA}"
EndProject
Project("{8BC9CEB8-8B4A-11D0-8D11-00A0C91BC942}") = "experiment", "experiment\experiment.vcxproj", "{374B657F-D69D-4D74-A802-9C43AC0B4C0A}"
EndProject
Project("{8BC9CEB8-8B4A-11D0-8D11-00A0C91BC942}") = "Volatile and Atomic", "Volatile and Atomic\Volatile and Atomic.vcxproj", "{A59B0421-2197-4A7E-9698-F15047E4F068}"
EndProject
Project("{8BC9CEB8-8B4A-11D0-8D11-00A0C91BC942}") = "Hash", "Hash\Hash.vcxproj", "{F0557562-180B-4766-BD7F-5D62E69DD6C7}"
EndProject
Project("{8BC9CEB8-8B4A-11D0-8D11-00A0C91BC942}") = "Calculator", "Calculator\Calculator.vcxproj", "{1AF89F31-ADEE-4AB2-855B-B86428BACDEB}"
EndProject
Project("{8BC9CEB8-8B4A-11D0-8D11-00A0C91BC942}") = "Concepts", "Concepts\Concepts.vcxproj", "{F2ABD660-4F05-4C15-9278-5A58BFC2DADE}"
EndProject
Project("{8BC9CEB8-8B4A-11D0-8D11-00A0C91BC942}") = "Folder Locker", "Folder Locker\Folder Locker.vcxproj", "{F01D1205-C500-4C60-ABC4-B17B9E462612}"
EndProject
Project("{8BC9CEB8-8B4A-11D0-8D11-00A0C91BC942}") = "Regex", "Regex\Regex.vcxproj", "{AAF7B300-B546-412E-B7D0-484CE022C5B5}"
EndProject
Project("{8BC9CEB8-8B4A-11D0-8D11-00A0C91BC942}") = "Nana GUI", "Nana GUI\Nana GUI.vcxproj", "{8518E7FC-121D-40F8-B1BC-578F147E77AA}"
EndProject
Project("{8BC9CEB8-8B4A-11D0-8D11-00A0C91BC942}") = "GUI Test", "GUI Test\GUI Test.vcxproj", "{2F34C166-7660-4233-B958-9152E459CEC1}"
EndProject
Project("{8BC9CEB8-8B4A-11D0-8D11-00A0C91BC942}") = "Dynamic Arrays", "Dynamic Arrays\Dynamic Arrays.vcxproj", "{DE79B029-13DD-403D-AD5A-C76BE9E57E79}"
EndProject
Global
	GlobalSection(SolutionConfigurationPlatforms) = preSolution
		Debug|Any CPU = Debug|Any CPU
		Debug|x64 = Debug|x64
		Debug|x86 = Debug|x86
		Release|Any CPU = Release|Any CPU
		Release|x64 = Release|x64
		Release|x86 = Release|x86
	EndGlobalSection
	GlobalSection(ProjectConfigurationPlatforms) = postSolution
		{4B10F953-B747-4FF2-A10A-D3080EEFAD4D}.Debug|Any CPU.ActiveCfg = Debug|Win32
		{4B10F953-B747-4FF2-A10A-D3080EEFAD4D}.Debug|x64.ActiveCfg = Debug|x64
		{4B10F953-B747-4FF2-A10A-D3080EEFAD4D}.Debug|x64.Build.0 = Debug|x64
		{4B10F953-B747-4FF2-A10A-D3080EEFAD4D}.Debug|x86.ActiveCfg = Debug|Win32
		{4B10F953-B747-4FF2-A10A-D3080EEFAD4D}.Debug|x86.Build.0 = Debug|Win32
		{4B10F953-B747-4FF2-A10A-D3080EEFAD4D}.Release|Any CPU.ActiveCfg = Release|Win32
		{4B10F953-B747-4FF2-A10A-D3080EEFAD4D}.Release|x64.ActiveCfg = Release|x64
		{4B10F953-B747-4FF2-A10A-D3080EEFAD4D}.Release|x64.Build.0 = Release|x64
		{4B10F953-B747-4FF2-A10A-D3080EEFAD4D}.Release|x86.ActiveCfg = Release|Win32
		{4B10F953-B747-4FF2-A10A-D3080EEFAD4D}.Release|x86.Build.0 = Release|Win32
		{9958CFA9-68AC-4BB2-BD0A-FBCA0366336C}.Debug|Any CPU.ActiveCfg = Debug|Win32
		{9958CFA9-68AC-4BB2-BD0A-FBCA0366336C}.Debug|x64.ActiveCfg = Debug|x64
		{9958CFA9-68AC-4BB2-BD0A-FBCA0366336C}.Debug|x64.Build.0 = Debug|x64
		{9958CFA9-68AC-4BB2-BD0A-FBCA0366336C}.Debug|x86.ActiveCfg = Debug|Win32
		{9958CFA9-68AC-4BB2-BD0A-FBCA0366336C}.Debug|x86.Build.0 = Debug|Win32
		{9958CFA9-68AC-4BB2-BD0A-FBCA0366336C}.Release|Any CPU.ActiveCfg = Release|Win32
		{9958CFA9-68AC-4BB2-BD0A-FBCA0366336C}.Release|x64.ActiveCfg = Release|x64
		{9958CFA9-68AC-4BB2-BD0A-FBCA0366336C}.Release|x64.Build.0 = Release|x64
		{9958CFA9-68AC-4BB2-BD0A-FBCA0366336C}.Release|x86.ActiveCfg = Release|Win32
		{9958CFA9-68AC-4BB2-BD0A-FBCA0366336C}.Release|x86.Build.0 = Release|Win32
		{7B41CA9E-44F7-46DA-8859-9EFD727021B9}.Debug|Any CPU.ActiveCfg = Debug|Win32
		{7B41CA9E-44F7-46DA-8859-9EFD727021B9}.Debug|x64.ActiveCfg = Debug|x64
		{7B41CA9E-44F7-46DA-8859-9EFD727021B9}.Debug|x64.Build.0 = Debug|x64
		{7B41CA9E-44F7-46DA-8859-9EFD727021B9}.Debug|x86.ActiveCfg = Debug|Win32
		{7B41CA9E-44F7-46DA-8859-9EFD727021B9}.Debug|x86.Build.0 = Debug|Win32
		{7B41CA9E-44F7-46DA-8859-9EFD727021B9}.Release|Any CPU.ActiveCfg = Release|Win32
		{7B41CA9E-44F7-46DA-8859-9EFD727021B9}.Release|x64.ActiveCfg = Release|x64
		{7B41CA9E-44F7-46DA-8859-9EFD727021B9}.Release|x64.Build.0 = Release|x64
		{7B41CA9E-44F7-46DA-8859-9EFD727021B9}.Release|x86.ActiveCfg = Release|Win32
		{7B41CA9E-44F7-46DA-8859-9EFD727021B9}.Release|x86.Build.0 = Release|Win32
		{53095004-B323-4331-9F42-509A36C77321}.Debug|Any CPU.ActiveCfg = Debug|Win32
		{53095004-B323-4331-9F42-509A36C77321}.Debug|x64.ActiveCfg = Debug|x64
		{53095004-B323-4331-9F42-509A36C77321}.Debug|x64.Build.0 = Debug|x64
		{53095004-B323-4331-9F42-509A36C77321}.Debug|x86.ActiveCfg = Debug|Win32
		{53095004-B323-4331-9F42-509A36C77321}.Debug|x86.Build.0 = Debug|Win32
		{53095004-B323-4331-9F42-509A36C77321}.Release|Any CPU.ActiveCfg = Release|Win32
		{53095004-B323-4331-9F42-509A36C77321}.Release|x64.ActiveCfg = Release|x64
		{53095004-B323-4331-9F42-509A36C77321}.Release|x64.Build.0 = Release|x64
		{53095004-B323-4331-9F42-509A36C77321}.Release|x86.ActiveCfg = Release|Win32
		{53095004-B323-4331-9F42-509A36C77321}.Release|x86.Build.0 = Release|Win32
		{59A4D576-5BA2-4D29-86FE-DBF8A31F0215}.Debug|Any CPU.ActiveCfg = Debug|Win32
		{59A4D576-5BA2-4D29-86FE-DBF8A31F0215}.Debug|x64.ActiveCfg = Debug|x64
		{59A4D576-5BA2-4D29-86FE-DBF8A31F0215}.Debug|x64.Build.0 = Debug|x64
		{59A4D576-5BA2-4D29-86FE-DBF8A31F0215}.Debug|x86.ActiveCfg = Debug|Win32
		{59A4D576-5BA2-4D29-86FE-DBF8A31F0215}.Debug|x86.Build.0 = Debug|Win32
		{59A4D576-5BA2-4D29-86FE-DBF8A31F0215}.Release|Any CPU.ActiveCfg = Release|Win32
		{59A4D576-5BA2-4D29-86FE-DBF8A31F0215}.Release|x64.ActiveCfg = Release|x64
		{59A4D576-5BA2-4D29-86FE-DBF8A31F0215}.Release|x64.Build.0 = Release|x64
		{59A4D576-5BA2-4D29-86FE-DBF8A31F0215}.Release|x86.ActiveCfg = Release|Win32
		{59A4D576-5BA2-4D29-86FE-DBF8A31F0215}.Release|x86.Build.0 = Release|Win32
		{B9D473D1-3BC3-4B59-AB53-6CE7492E75EB}.Debug|Any CPU.ActiveCfg = Debug|Win32
		{B9D473D1-3BC3-4B59-AB53-6CE7492E75EB}.Debug|x64.ActiveCfg = Debug|x64
		{B9D473D1-3BC3-4B59-AB53-6CE7492E75EB}.Debug|x64.Build.0 = Debug|x64
		{B9D473D1-3BC3-4B59-AB53-6CE7492E75EB}.Debug|x86.ActiveCfg = Debug|Win32
		{B9D473D1-3BC3-4B59-AB53-6CE7492E75EB}.Debug|x86.Build.0 = Debug|Win32
		{B9D473D1-3BC3-4B59-AB53-6CE7492E75EB}.Release|Any CPU.ActiveCfg = Release|Win32
		{B9D473D1-3BC3-4B59-AB53-6CE7492E75EB}.Release|x64.ActiveCfg = Release|x64
		{B9D473D1-3BC3-4B59-AB53-6CE7492E75EB}.Release|x64.Build.0 = Release|x64
		{B9D473D1-3BC3-4B59-AB53-6CE7492E75EB}.Release|x86.ActiveCfg = Release|Win32
		{B9D473D1-3BC3-4B59-AB53-6CE7492E75EB}.Release|x86.Build.0 = Release|Win32
		{8E732E86-1DCC-4BAB-A831-69D55B42B23A}.Debug|Any CPU.ActiveCfg = Debug|Win32
		{8E732E86-1DCC-4BAB-A831-69D55B42B23A}.Debug|x64.ActiveCfg = Debug|x64
		{8E732E86-1DCC-4BAB-A831-69D55B42B23A}.Debug|x64.Build.0 = Debug|x64
		{8E732E86-1DCC-4BAB-A831-69D55B42B23A}.Debug|x86.ActiveCfg = Debug|Win32
		{8E732E86-1DCC-4BAB-A831-69D55B42B23A}.Debug|x86.Build.0 = Debug|Win32
		{8E732E86-1DCC-4BAB-A831-69D55B42B23A}.Release|Any CPU.ActiveCfg = Release|Win32
		{8E732E86-1DCC-4BAB-A831-69D55B42B23A}.Release|x64.ActiveCfg = Release|x64
		{8E732E86-1DCC-4BAB-A831-69D55B42B23A}.Release|x64.Build.0 = Release|x64
		{8E732E86-1DCC-4BAB-A831-69D55B42B23A}.Release|x86.ActiveCfg = Release|Win32
		{8E732E86-1DCC-4BAB-A831-69D55B42B23A}.Release|x86.Build.0 = Release|Win32
		{65358133-5D13-412D-98A8-ECBD90F46FCA}.Debug|Any CPU.ActiveCfg = Debug|Win32
		{65358133-5D13-412D-98A8-ECBD90F46FCA}.Debug|x64.ActiveCfg = Debug|x64
		{65358133-5D13-412D-98A8-ECBD90F46FCA}.Debug|x64.Build.0 = Debug|x64
		{65358133-5D13-412D-98A8-ECBD90F46FCA}.Debug|x86.ActiveCfg = Debug|Win32
		{65358133-5D13-412D-98A8-ECBD90F46FCA}.Debug|x86.Build.0 = Debug|Win32
		{65358133-5D13-412D-98A8-ECBD90F46FCA}.Release|Any CPU.ActiveCfg = Release|Win32
		{65358133-5D13-412D-98A8-ECBD90F46FCA}.Release|x64.ActiveCfg = Release|x64
		{65358133-5D13-412D-98A8-ECBD90F46FCA}.Release|x64.Build.0 = Release|x64
		{65358133-5D13-412D-98A8-ECBD90F46FCA}.Release|x86.ActiveCfg = Release|Win32
		{65358133-5D13-412D-98A8-ECBD90F46FCA}.Release|x86.Build.0 = Release|Win32
		{374B657F-D69D-4D74-A802-9C43AC0B4C0A}.Debug|Any CPU.ActiveCfg = Debug|Win32
		{374B657F-D69D-4D74-A802-9C43AC0B4C0A}.Debug|x64.ActiveCfg = Debug|x64
		{374B657F-D69D-4D74-A802-9C43AC0B4C0A}.Debug|x64.Build.0 = Debug|x64
		{374B657F-D69D-4D74-A802-9C43AC0B4C0A}.Debug|x86.ActiveCfg = Debug|Win32
		{374B657F-D69D-4D74-A802-9C43AC0B4C0A}.Debug|x86.Build.0 = Debug|Win32
		{374B657F-D69D-4D74-A802-9C43AC0B4C0A}.Release|Any CPU.ActiveCfg = Release|Win32
		{374B657F-D69D-4D74-A802-9C43AC0B4C0A}.Release|x64.ActiveCfg = Release|x64
		{374B657F-D69D-4D74-A802-9C43AC0B4C0A}.Release|x64.Build.0 = Release|x64
		{374B657F-D69D-4D74-A802-9C43AC0B4C0A}.Release|x86.ActiveCfg = Release|Win32
		{374B657F-D69D-4D74-A802-9C43AC0B4C0A}.Release|x86.Build.0 = Release|Win32
		{A59B0421-2197-4A7E-9698-F15047E4F068}.Debug|Any CPU.ActiveCfg = Debug|Win32
		{A59B0421-2197-4A7E-9698-F15047E4F068}.Debug|x64.ActiveCfg = Debug|x64
		{A59B0421-2197-4A7E-9698-F15047E4F068}.Debug|x64.Build.0 = Debug|x64
		{A59B0421-2197-4A7E-9698-F15047E4F068}.Debug|x86.ActiveCfg = Debug|Win32
		{A59B0421-2197-4A7E-9698-F15047E4F068}.Debug|x86.Build.0 = Debug|Win32
		{A59B0421-2197-4A7E-9698-F15047E4F068}.Release|Any CPU.ActiveCfg = Release|Win32
		{A59B0421-2197-4A7E-9698-F15047E4F068}.Release|x64.ActiveCfg = Release|x64
		{A59B0421-2197-4A7E-9698-F15047E4F068}.Release|x64.Build.0 = Release|x64
		{A59B0421-2197-4A7E-9698-F15047E4F068}.Release|x86.ActiveCfg = Release|Win32
		{A59B0421-2197-4A7E-9698-F15047E4F068}.Release|x86.Build.0 = Release|Win32
		{F0557562-180B-4766-BD7F-5D62E69DD6C7}.Debug|Any CPU.ActiveCfg = Debug|Win32
		{F0557562-180B-4766-BD7F-5D62E69DD6C7}.Debug|x64.ActiveCfg = Debug|x64
		{F0557562-180B-4766-BD7F-5D62E69DD6C7}.Debug|x64.Build.0 = Debug|x64
		{F0557562-180B-4766-BD7F-5D62E69DD6C7}.Debug|x86.ActiveCfg = Debug|Win32
		{F0557562-180B-4766-BD7F-5D62E69DD6C7}.Debug|x86.Build.0 = Debug|Win32
		{F0557562-180B-4766-BD7F-5D62E69DD6C7}.Release|Any CPU.ActiveCfg = Release|Win32
		{F0557562-180B-4766-BD7F-5D62E69DD6C7}.Release|x64.ActiveCfg = Release|x64
		{F0557562-180B-4766-BD7F-5D62E69DD6C7}.Release|x64.Build.0 = Release|x64
		{F0557562-180B-4766-BD7F-5D62E69DD6C7}.Release|x86.ActiveCfg = Release|Win32
		{F0557562-180B-4766-BD7F-5D62E69DD6C7}.Release|x86.Build.0 = Release|Win32
		{1AF89F31-ADEE-4AB2-855B-B86428BACDEB}.Debug|Any CPU.ActiveCfg = Debug|Win32
		{1AF89F31-ADEE-4AB2-855B-B86428BACDEB}.Debug|x64.ActiveCfg = Debug|x64
		{1AF89F31-ADEE-4AB2-855B-B86428BACDEB}.Debug|x64.Build.0 = Debug|x64
		{1AF89F31-ADEE-4AB2-855B-B86428BACDEB}.Debug|x86.ActiveCfg = Debug|Win32
		{1AF89F31-ADEE-4AB2-855B-B86428BACDEB}.Debug|x86.Build.0 = Debug|Win32
		{1AF89F31-ADEE-4AB2-855B-B86428BACDEB}.Release|Any CPU.ActiveCfg = Release|Win32
		{1AF89F31-ADEE-4AB2-855B-B86428BACDEB}.Release|x64.ActiveCfg = Release|x64
		{1AF89F31-ADEE-4AB2-855B-B86428BACDEB}.Release|x64.Build.0 = Release|x64
		{1AF89F31-ADEE-4AB2-855B-B86428BACDEB}.Release|x86.ActiveCfg = Release|Win32
		{1AF89F31-ADEE-4AB2-855B-B86428BACDEB}.Release|x86.Build.0 = Release|Win32
		{F2ABD660-4F05-4C15-9278-5A58BFC2DADE}.Debug|Any CPU.ActiveCfg = Debug|Win32
		{F2ABD660-4F05-4C15-9278-5A58BFC2DADE}.Debug|x64.ActiveCfg = Debug|x64
		{F2ABD660-4F05-4C15-9278-5A58BFC2DADE}.Debug|x64.Build.0 = Debug|x64
		{F2ABD660-4F05-4C15-9278-5A58BFC2DADE}.Debug|x86.ActiveCfg = Debug|Win32
		{F2ABD660-4F05-4C15-9278-5A58BFC2DADE}.Debug|x86.Build.0 = Debug|Win32
		{F2ABD660-4F05-4C15-9278-5A58BFC2DADE}.Release|Any CPU.ActiveCfg = Release|Win32
		{F2ABD660-4F05-4C15-9278-5A58BFC2DADE}.Release|x64.ActiveCfg = Release|x64
		{F2ABD660-4F05-4C15-9278-5A58BFC2DADE}.Release|x64.Build.0 = Release|x64
		{F2ABD660-4F05-4C15-9278-5A58BFC2DADE}.Release|x86.ActiveCfg = Release|Win32
		{F2ABD660-4F05-4C15-9278-5A58BFC2DADE}.Release|x86.Build.0 = Release|Win32
		{F01D1205-C500-4C60-ABC4-B17B9E462612}.Debug|Any CPU.ActiveCfg = Debug|Win32
		{F01D1205-C500-4C60-ABC4-B17B9E462612}.Debug|x64.ActiveCfg = Debug|x64
		{F01D1205-C500-4C60-ABC4-B17B9E462612}.Debug|x64.Build.0 = Debug|x64
		{F01D1205-C500-4C60-ABC4-B17B9E462612}.Debug|x86.ActiveCfg = Debug|Win32
		{F01D1205-C500-4C60-ABC4-B17B9E462612}.Debug|x86.Build.0 = Debug|Win32
		{F01D1205-C500-4C60-ABC4-B17B9E462612}.Release|Any CPU.ActiveCfg = Release|Win32
		{F01D1205-C500-4C60-ABC4-B17B9E462612}.Release|x64.ActiveCfg = Release|x64
		{F01D1205-C500-4C60-ABC4-B17B9E462612}.Release|x64.Build.0 = Release|x64
		{F01D1205-C500-4C60-ABC4-B17B9E462612}.Release|x86.ActiveCfg = Release|Win32
		{F01D1205-C500-4C60-ABC4-B17B9E462612}.Release|x86.Build.0 = Release|Win32
		{AAF7B300-B546-412E-B7D0-484CE022C5B5}.Debug|Any CPU.ActiveCfg = Debug|Win32
		{AAF7B300-B546-412E-B7D0-484CE022C5B5}.Debug|x64.ActiveCfg = Debug|x64
		{AAF7B300-B546-412E-B7D0-484CE022C5B5}.Debug|x64.Build.0 = Debug|x64
		{AAF7B300-B546-412E-B7D0-484CE022C5B5}.Debug|x86.ActiveCfg = Debug|Win32
		{AAF7B300-B546-412E-B7D0-484CE022C5B5}.Debug|x86.Build.0 = Debug|Win32
		{AAF7B300-B546-412E-B7D0-484CE022C5B5}.Release|Any CPU.ActiveCfg = Release|Win32
		{AAF7B300-B546-412E-B7D0-484CE022C5B5}.Release|x64.ActiveCfg = Release|x64
		{AAF7B300-B546-412E-B7D0-484CE022C5B5}.Release|x64.Build.0 = Release|x64
		{AAF7B300-B546-412E-B7D0-484CE022C5B5}.Release|x86.ActiveCfg = Release|Win32
		{AAF7B300-B546-412E-B7D0-484CE022C5B5}.Release|x86.Build.0 = Release|Win32
		{8518E7FC-121D-40F8-B1BC-578F147E77AA}.Debug|Any CPU.ActiveCfg = Debug|Win32
		{8518E7FC-121D-40F8-B1BC-578F147E77AA}.Debug|x64.ActiveCfg = Debug|x64
		{8518E7FC-121D-40F8-B1BC-578F147E77AA}.Debug|x64.Build.0 = Debug|x64
		{8518E7FC-121D-40F8-B1BC-578F147E77AA}.Debug|x86.ActiveCfg = Debug|Win32
		{8518E7FC-121D-40F8-B1BC-578F147E77AA}.Debug|x86.Build.0 = Debug|Win32
		{8518E7FC-121D-40F8-B1BC-578F147E77AA}.Release|Any CPU.ActiveCfg = Release|Win32
		{8518E7FC-121D-40F8-B1BC-578F147E77AA}.Release|x64.ActiveCfg = Release|x64
		{8518E7FC-121D-40F8-B1BC-578F147E77AA}.Release|x64.Build.0 = Release|x64
		{8518E7FC-121D-40F8-B1BC-578F147E77AA}.Release|x86.ActiveCfg = Release|Win32
		{8518E7FC-121D-40F8-B1BC-578F147E77AA}.Release|x86.Build.0 = Release|Win32
		{2F34C166-7660-4233-B958-9152E459CEC1}.Debug|Any CPU.ActiveCfg = Debug|Win32
		{2F34C166-7660-4233-B958-9152E459CEC1}.Debug|x64.ActiveCfg = Debug|x64
		{2F34C166-7660-4233-B958-9152E459CEC1}.Debug|x64.Build.0 = Debug|x64
		{2F34C166-7660-4233-B958-9152E459CEC1}.Debug|x86.ActiveCfg = Debug|Win32
		{2F34C166-7660-4233-B958-9152E459CEC1}.Debug|x86.Build.0 = Debug|Win32
		{2F34C166-7660-4233-B958-9152E459CEC1}.Release|Any CPU.ActiveCfg = Release|Win32
		{2F34C166-7660-4233-B958-9152E459CEC1}.Release|x64.ActiveCfg = Release|x64
		{2F34C166-7660-4233-B958-9152E459CEC1}.Release|x64.Build.0 = Release|x64
		{2F34C166-7660-4233-B958-9152E459CEC1}.Release|x86.ActiveCfg = Release|Win32
		{2F34C166-7660-4233-B958-9152E459CEC1}.Release|x86.Build.0 = Release|Win32
		{DE79B029-13DD-403D-AD5A-C76BE9E57E79}.Debug|Any CPU.ActiveCfg = Debug|Win32
		{DE79B029-13DD-403D-AD5A-C76BE9E57E79}.Debug|x64.ActiveCfg = Debug|x64
		{DE79B029-13DD-403D-AD5A-C76BE9E57E79}.Debug|x64.Build.0 = Debug|x64
		{DE79B029-13DD-403D-AD5A-C76BE9E57E79}.Debug|x86.ActiveCfg = Debug|Win32
		{DE79B029-13DD-403D-AD5A-C76BE9E57E79}.Debug|x86.Build.0 = Debug|Win32
		{DE79B029-13DD-403D-AD5A-C76BE9E57E79}.Release|Any CPU.ActiveCfg = Release|Win32
		{DE79B029-13DD-403D-AD5A-C76BE9E57E79}.Release|x64.ActiveCfg = Release|x64
		{DE79B029-13DD-403D-AD5A-C76BE9E57E79}.Release|x64.Build.0 = Release|x64
		{DE79B029-13DD-403D-AD5A-C76BE9E57E79}.Release|x86.ActiveCfg = Release|Win32
		{DE79B029-13DD-403D-AD5A-C76BE9E57E79}.Release|x86.Build.0 = Release|Win32
	EndGlobalSection
	GlobalSection(SolutionProperties) = preSolution
		HideSolutionNode = FALSE
	EndGlobalSection
	GlobalSection(ExtensibilityGlobals) = postSolution
		SolutionGuid = {A51CAE78-54B9-4837-BF16-CA36512525C5}
	EndGlobalSection
EndGlobal
